// !$*UTF8*$!
{
	archiveVersion = 1;
	classes = {
	};
	objectVersion = 51;
	objects = {

/* Begin PBXBuildFile section */
		17D13F57719B3F7D8F7FBF2E /* Pods_Spotify.framework in Frameworks */ = {isa = PBXBuildFile; fileRef = AAD58E9BD8D8AC266E7A61A4 /* Pods_Spotify.framework */; };
		8F3B7ACC26B68BC8002274E9 /* AuthResponse.swift in Sources */ = {isa = PBXBuildFile; fileRef = 8F3B7ACB26B68BC8002274E9 /* AuthResponse.swift */; };
		8F7460D826B8800B002CCEF3 /* SettingsModels.swift in Sources */ = {isa = PBXBuildFile; fileRef = 8F7460D726B8800B002CCEF3 /* SettingsModels.swift */; };
		8F98C4DF26B9DE2E00715EE3 /* NewReleasesResponse.swift in Sources */ = {isa = PBXBuildFile; fileRef = 8F98C4DE26B9DE2E00715EE3 /* NewReleasesResponse.swift */; };
		8F98C4E126B9DF2F00715EE3 /* APIImage.swift in Sources */ = {isa = PBXBuildFile; fileRef = 8F98C4E026B9DF2F00715EE3 /* APIImage.swift */; };
		8F98C4E326B9E5F100715EE3 /* FeaturedPlaylistsResponse.swift in Sources */ = {isa = PBXBuildFile; fileRef = 8F98C4E226B9E5F100715EE3 /* FeaturedPlaylistsResponse.swift */; };
		8F98C4E526B9EF7000715EE3 /* RecommendedGenresResponse.swift in Sources */ = {isa = PBXBuildFile; fileRef = 8F98C4E426B9EF7000715EE3 /* RecommendedGenresResponse.swift */; };
		8F98C4E726B9F2FB00715EE3 /* RecommendationsResponse.swift in Sources */ = {isa = PBXBuildFile; fileRef = 8F98C4E626B9F2FB00715EE3 /* RecommendationsResponse.swift */; };
		8F98C4EA26BB327F00715EE3 /* NewReleaseCollectionViewCell.swift in Sources */ = {isa = PBXBuildFile; fileRef = 8F98C4E926BB327F00715EE3 /* NewReleaseCollectionViewCell.swift */; };
		8F98C4EC26BB32BB00715EE3 /* FeaturedPlaylistCollectionViewCell.swift in Sources */ = {isa = PBXBuildFile; fileRef = 8F98C4EB26BB32BB00715EE3 /* FeaturedPlaylistCollectionViewCell.swift */; };
		8F98C4EE26BB32EA00715EE3 /* RecommendedTrackCollectionViewCell.swift in Sources */ = {isa = PBXBuildFile; fileRef = 8F98C4ED26BB32EA00715EE3 /* RecommendedTrackCollectionViewCell.swift */; };
		8FA7FC1626B5739E00192A1C /* Extensions.swift in Sources */ = {isa = PBXBuildFile; fileRef = 8FA7FC1526B5739E00192A1C /* Extensions.swift */; };
		8FD476D726AF5C7E004BDD05 /* AppDelegate.swift in Sources */ = {isa = PBXBuildFile; fileRef = 8FD476D626AF5C7E004BDD05 /* AppDelegate.swift */; };
		8FD476D926AF5C7E004BDD05 /* SceneDelegate.swift in Sources */ = {isa = PBXBuildFile; fileRef = 8FD476D826AF5C7E004BDD05 /* SceneDelegate.swift */; };
		8FD476DB26AF5C7E004BDD05 /* HomeViewController.swift in Sources */ = {isa = PBXBuildFile; fileRef = 8FD476DA26AF5C7E004BDD05 /* HomeViewController.swift */; };
		8FD476E026AF5C7F004BDD05 /* Assets.xcassets in Resources */ = {isa = PBXBuildFile; fileRef = 8FD476DF26AF5C7F004BDD05 /* Assets.xcassets */; };
		8FD476E326AF5C7F004BDD05 /* LaunchScreen.storyboard in Resources */ = {isa = PBXBuildFile; fileRef = 8FD476E126AF5C7F004BDD05 /* LaunchScreen.storyboard */; };
		8FD476F326AF640F004BDD05 /* TabBarViewController.swift in Sources */ = {isa = PBXBuildFile; fileRef = 8FD476F226AF640F004BDD05 /* TabBarViewController.swift */; };
		8FD476F526AF644E004BDD05 /* SearchViewController.swift in Sources */ = {isa = PBXBuildFile; fileRef = 8FD476F426AF644E004BDD05 /* SearchViewController.swift */; };
		8FD476F726AF646D004BDD05 /* LibraryViewController.swift in Sources */ = {isa = PBXBuildFile; fileRef = 8FD476F626AF646D004BDD05 /* LibraryViewController.swift */; };
		8FD476FC26AF64A5004BDD05 /* AuthViewController.swift in Sources */ = {isa = PBXBuildFile; fileRef = 8FD476FB26AF64A5004BDD05 /* AuthViewController.swift */; };
		8FD476FE26AF64B8004BDD05 /* WelcomeViewController.swift in Sources */ = {isa = PBXBuildFile; fileRef = 8FD476FD26AF64B8004BDD05 /* WelcomeViewController.swift */; };
		8FD4770026AF64CB004BDD05 /* SettingsViewController.swift in Sources */ = {isa = PBXBuildFile; fileRef = 8FD476FF26AF64CB004BDD05 /* SettingsViewController.swift */; };
		8FD4770226AF64D8004BDD05 /* ProfileViewController.swift in Sources */ = {isa = PBXBuildFile; fileRef = 8FD4770126AF64D8004BDD05 /* ProfileViewController.swift */; };
		8FD4770426AF64E2004BDD05 /* PlayerViewController.swift in Sources */ = {isa = PBXBuildFile; fileRef = 8FD4770326AF64E2004BDD05 /* PlayerViewController.swift */; };
		8FD4770626AF64EF004BDD05 /* PlaylistViewController.swift in Sources */ = {isa = PBXBuildFile; fileRef = 8FD4770526AF64EF004BDD05 /* PlaylistViewController.swift */; };
		8FD4770826AF6503004BDD05 /* SearchResultsViewController.swift in Sources */ = {isa = PBXBuildFile; fileRef = 8FD4770726AF6503004BDD05 /* SearchResultsViewController.swift */; };
		8FD4770A26AF6559004BDD05 /* AuthManager.swift in Sources */ = {isa = PBXBuildFile; fileRef = 8FD4770926AF6559004BDD05 /* AuthManager.swift */; };
		8FD4770C26AF6569004BDD05 /* APICaller.swift in Sources */ = {isa = PBXBuildFile; fileRef = 8FD4770B26AF6569004BDD05 /* APICaller.swift */; };
		8FD4770E26AF657A004BDD05 /* HapticsManager.swift in Sources */ = {isa = PBXBuildFile; fileRef = 8FD4770D26AF657A004BDD05 /* HapticsManager.swift */; };
		8FD4771126AF65AC004BDD05 /* Playlist.swift in Sources */ = {isa = PBXBuildFile; fileRef = 8FD4771026AF65AC004BDD05 /* Playlist.swift */; };
		8FD4771326AF65BB004BDD05 /* AudioTrack.swift in Sources */ = {isa = PBXBuildFile; fileRef = 8FD4771226AF65BB004BDD05 /* AudioTrack.swift */; };
		8FD4771526AF65C9004BDD05 /* Artist.swift in Sources */ = {isa = PBXBuildFile; fileRef = 8FD4771426AF65C9004BDD05 /* Artist.swift */; };
		8FD4771726AF65D5004BDD05 /* UserProfile.swift in Sources */ = {isa = PBXBuildFile; fileRef = 8FD4771626AF65D5004BDD05 /* UserProfile.swift */; };
		8FDF74EA26BC771200937E0D /* NewReleasesCellViewModel.swift in Sources */ = {isa = PBXBuildFile; fileRef = 8FDF74E926BC771200937E0D /* NewReleasesCellViewModel.swift */; };
/* End PBXBuildFile section */

/* Begin PBXFileReference section */
		8D1135701EB36593743A07D9 /* Pods-Spotify.debug.xcconfig */ = {isa = PBXFileReference; includeInIndex = 1; lastKnownFileType = text.xcconfig; name = "Pods-Spotify.debug.xcconfig"; path = "Target Support Files/Pods-Spotify/Pods-Spotify.debug.xcconfig"; sourceTree = "<group>"; };
		8F3B7ACB26B68BC8002274E9 /* AuthResponse.swift */ = {isa = PBXFileReference; lastKnownFileType = sourcecode.swift; path = AuthResponse.swift; sourceTree = "<group>"; };
		8F7460D726B8800B002CCEF3 /* SettingsModels.swift */ = {isa = PBXFileReference; lastKnownFileType = sourcecode.swift; path = SettingsModels.swift; sourceTree = "<group>"; };
		8F98C4DE26B9DE2E00715EE3 /* NewReleasesResponse.swift */ = {isa = PBXFileReference; lastKnownFileType = sourcecode.swift; path = NewReleasesResponse.swift; sourceTree = "<group>"; };
		8F98C4E026B9DF2F00715EE3 /* APIImage.swift */ = {isa = PBXFileReference; lastKnownFileType = sourcecode.swift; path = APIImage.swift; sourceTree = "<group>"; };
		8F98C4E226B9E5F100715EE3 /* FeaturedPlaylistsResponse.swift */ = {isa = PBXFileReference; lastKnownFileType = sourcecode.swift; path = FeaturedPlaylistsResponse.swift; sourceTree = "<group>"; };
		8F98C4E426B9EF7000715EE3 /* RecommendedGenresResponse.swift */ = {isa = PBXFileReference; lastKnownFileType = sourcecode.swift; path = RecommendedGenresResponse.swift; sourceTree = "<group>"; };
		8F98C4E626B9F2FB00715EE3 /* RecommendationsResponse.swift */ = {isa = PBXFileReference; lastKnownFileType = sourcecode.swift; path = RecommendationsResponse.swift; sourceTree = "<group>"; };
		8F98C4E926BB327F00715EE3 /* NewReleaseCollectionViewCell.swift */ = {isa = PBXFileReference; lastKnownFileType = sourcecode.swift; path = NewReleaseCollectionViewCell.swift; sourceTree = "<group>"; };
		8F98C4EB26BB32BB00715EE3 /* FeaturedPlaylistCollectionViewCell.swift */ = {isa = PBXFileReference; lastKnownFileType = sourcecode.swift; path = FeaturedPlaylistCollectionViewCell.swift; sourceTree = "<group>"; };
		8F98C4ED26BB32EA00715EE3 /* RecommendedTrackCollectionViewCell.swift */ = {isa = PBXFileReference; lastKnownFileType = sourcecode.swift; path = RecommendedTrackCollectionViewCell.swift; sourceTree = "<group>"; };
		8FA7FC1526B5739E00192A1C /* Extensions.swift */ = {isa = PBXFileReference; lastKnownFileType = sourcecode.swift; path = Extensions.swift; sourceTree = "<group>"; };
		8FD476D326AF5C7E004BDD05 /* Spotify.app */ = {isa = PBXFileReference; explicitFileType = wrapper.application; includeInIndex = 0; path = Spotify.app; sourceTree = BUILT_PRODUCTS_DIR; };
		8FD476D626AF5C7E004BDD05 /* AppDelegate.swift */ = {isa = PBXFileReference; lastKnownFileType = sourcecode.swift; path = AppDelegate.swift; sourceTree = "<group>"; };
		8FD476D826AF5C7E004BDD05 /* SceneDelegate.swift */ = {isa = PBXFileReference; lastKnownFileType = sourcecode.swift; path = SceneDelegate.swift; sourceTree = "<group>"; };
		8FD476DA26AF5C7E004BDD05 /* HomeViewController.swift */ = {isa = PBXFileReference; lastKnownFileType = sourcecode.swift; path = HomeViewController.swift; sourceTree = "<group>"; };
		8FD476DF26AF5C7F004BDD05 /* Assets.xcassets */ = {isa = PBXFileReference; lastKnownFileType = folder.assetcatalog; path = Assets.xcassets; sourceTree = "<group>"; };
		8FD476E226AF5C7F004BDD05 /* Base */ = {isa = PBXFileReference; lastKnownFileType = file.storyboard; name = Base; path = Base.lproj/LaunchScreen.storyboard; sourceTree = "<group>"; };
		8FD476E426AF5C7F004BDD05 /* Info.plist */ = {isa = PBXFileReference; lastKnownFileType = text.plist.xml; path = Info.plist; sourceTree = "<group>"; };
		8FD476F226AF640F004BDD05 /* TabBarViewController.swift */ = {isa = PBXFileReference; lastKnownFileType = sourcecode.swift; path = TabBarViewController.swift; sourceTree = "<group>"; };
		8FD476F426AF644E004BDD05 /* SearchViewController.swift */ = {isa = PBXFileReference; lastKnownFileType = sourcecode.swift; path = SearchViewController.swift; sourceTree = "<group>"; };
		8FD476F626AF646D004BDD05 /* LibraryViewController.swift */ = {isa = PBXFileReference; lastKnownFileType = sourcecode.swift; path = LibraryViewController.swift; sourceTree = "<group>"; };
		8FD476FB26AF64A5004BDD05 /* AuthViewController.swift */ = {isa = PBXFileReference; lastKnownFileType = sourcecode.swift; path = AuthViewController.swift; sourceTree = "<group>"; };
		8FD476FD26AF64B8004BDD05 /* WelcomeViewController.swift */ = {isa = PBXFileReference; lastKnownFileType = sourcecode.swift; path = WelcomeViewController.swift; sourceTree = "<group>"; };
		8FD476FF26AF64CB004BDD05 /* SettingsViewController.swift */ = {isa = PBXFileReference; lastKnownFileType = sourcecode.swift; path = SettingsViewController.swift; sourceTree = "<group>"; };
		8FD4770126AF64D8004BDD05 /* ProfileViewController.swift */ = {isa = PBXFileReference; lastKnownFileType = sourcecode.swift; path = ProfileViewController.swift; sourceTree = "<group>"; };
		8FD4770326AF64E2004BDD05 /* PlayerViewController.swift */ = {isa = PBXFileReference; lastKnownFileType = sourcecode.swift; path = PlayerViewController.swift; sourceTree = "<group>"; };
		8FD4770526AF64EF004BDD05 /* PlaylistViewController.swift */ = {isa = PBXFileReference; lastKnownFileType = sourcecode.swift; path = PlaylistViewController.swift; sourceTree = "<group>"; };
		8FD4770726AF6503004BDD05 /* SearchResultsViewController.swift */ = {isa = PBXFileReference; lastKnownFileType = sourcecode.swift; path = SearchResultsViewController.swift; sourceTree = "<group>"; };
		8FD4770926AF6559004BDD05 /* AuthManager.swift */ = {isa = PBXFileReference; lastKnownFileType = sourcecode.swift; path = AuthManager.swift; sourceTree = "<group>"; };
		8FD4770B26AF6569004BDD05 /* APICaller.swift */ = {isa = PBXFileReference; lastKnownFileType = sourcecode.swift; path = APICaller.swift; sourceTree = "<group>"; };
		8FD4770D26AF657A004BDD05 /* HapticsManager.swift */ = {isa = PBXFileReference; lastKnownFileType = sourcecode.swift; path = HapticsManager.swift; sourceTree = "<group>"; };
		8FD4771026AF65AC004BDD05 /* Playlist.swift */ = {isa = PBXFileReference; lastKnownFileType = sourcecode.swift; path = Playlist.swift; sourceTree = "<group>"; };
		8FD4771226AF65BB004BDD05 /* AudioTrack.swift */ = {isa = PBXFileReference; lastKnownFileType = sourcecode.swift; path = AudioTrack.swift; sourceTree = "<group>"; };
		8FD4771426AF65C9004BDD05 /* Artist.swift */ = {isa = PBXFileReference; lastKnownFileType = sourcecode.swift; path = Artist.swift; sourceTree = "<group>"; };
		8FD4771626AF65D5004BDD05 /* UserProfile.swift */ = {isa = PBXFileReference; lastKnownFileType = sourcecode.swift; path = UserProfile.swift; sourceTree = "<group>"; };
		8FDF74E926BC771200937E0D /* NewReleasesCellViewModel.swift */ = {isa = PBXFileReference; lastKnownFileType = sourcecode.swift; path = NewReleasesCellViewModel.swift; sourceTree = "<group>"; };
		98B7B90D40F38A22B71D20CC /* Pods-Spotify.release.xcconfig */ = {isa = PBXFileReference; includeInIndex = 1; lastKnownFileType = text.xcconfig; name = "Pods-Spotify.release.xcconfig"; path = "Target Support Files/Pods-Spotify/Pods-Spotify.release.xcconfig"; sourceTree = "<group>"; };
		AAD58E9BD8D8AC266E7A61A4 /* Pods_Spotify.framework */ = {isa = PBXFileReference; explicitFileType = wrapper.framework; includeInIndex = 0; path = Pods_Spotify.framework; sourceTree = BUILT_PRODUCTS_DIR; };
/* End PBXFileReference section */

/* Begin PBXFrameworksBuildPhase section */
		8FD476D026AF5C7E004BDD05 /* Frameworks */ = {
			isa = PBXFrameworksBuildPhase;
			buildActionMask = 2147483647;
			files = (
				17D13F57719B3F7D8F7FBF2E /* Pods_Spotify.framework in Frameworks */,
			);
			runOnlyForDeploymentPostprocessing = 0;
		};
/* End PBXFrameworksBuildPhase section */

/* Begin PBXGroup section */
		40347F933DB52818ECF72A13 /* Pods */ = {
			isa = PBXGroup;
			children = (
				8D1135701EB36593743A07D9 /* Pods-Spotify.debug.xcconfig */,
				98B7B90D40F38A22B71D20CC /* Pods-Spotify.release.xcconfig */,
			);
			path = Pods;
			sourceTree = "<group>";
		};
		6104360DB57B8B2E18747906 /* Frameworks */ = {
			isa = PBXGroup;
			children = (
				AAD58E9BD8D8AC266E7A61A4 /* Pods_Spotify.framework */,
			);
			name = Frameworks;
			sourceTree = "<group>";
		};
		8F98C4E826BB323700715EE3 /* Browse */ = {
			isa = PBXGroup;
			children = (
				8F98C4E926BB327F00715EE3 /* NewReleaseCollectionViewCell.swift */,
				8F98C4EB26BB32BB00715EE3 /* FeaturedPlaylistCollectionViewCell.swift */,
				8F98C4ED26BB32EA00715EE3 /* RecommendedTrackCollectionViewCell.swift */,
			);
			path = Browse;
			sourceTree = "<group>";
		};
		8FD476CA26AF5C7E004BDD05 = {
			isa = PBXGroup;
			children = (
				8FD476D526AF5C7E004BDD05 /* Spotify */,
				8FD476D426AF5C7E004BDD05 /* Products */,
				40347F933DB52818ECF72A13 /* Pods */,
				6104360DB57B8B2E18747906 /* Frameworks */,
			);
			sourceTree = "<group>";
		};
		8FD476D426AF5C7E004BDD05 /* Products */ = {
			isa = PBXGroup;
			children = (
				8FD476D326AF5C7E004BDD05 /* Spotify.app */,
			);
			name = Products;
			sourceTree = "<group>";
		};
		8FD476D526AF5C7E004BDD05 /* Spotify */ = {
			isa = PBXGroup;
			children = (
				8FD4770F26AF6598004BDD05 /* ViewModels */,
				8FD476EF26AF5D74004BDD05 /* Resources */,
				8FD476EE26AF5D6D004BDD05 /* Managers */,
				8FD476ED26AF5D68004BDD05 /* Views */,
				8FD476EC26AF5D61004BDD05 /* Models */,
				8FD476EB26AF5D23004BDD05 /* Controllers */,
				8FD476E426AF5C7F004BDD05 /* Info.plist */,
			);
			path = Spotify;
			sourceTree = "<group>";
		};
		8FD476EB26AF5D23004BDD05 /* Controllers */ = {
			isa = PBXGroup;
			children = (
				8FD476FA26AF6493004BDD05 /* Other */,
				8FD476F926AF6484004BDD05 /* Core */,
			);
			path = Controllers;
			sourceTree = "<group>";
		};
		8FD476EC26AF5D61004BDD05 /* Models */ = {
			isa = PBXGroup;
			children = (
				8FD4771026AF65AC004BDD05 /* Playlist.swift */,
				8FD4771226AF65BB004BDD05 /* AudioTrack.swift */,
				8FD4771426AF65C9004BDD05 /* Artist.swift */,
				8FD4771626AF65D5004BDD05 /* UserProfile.swift */,
				8F3B7ACB26B68BC8002274E9 /* AuthResponse.swift */,
				8F7460D726B8800B002CCEF3 /* SettingsModels.swift */,
				8F98C4DE26B9DE2E00715EE3 /* NewReleasesResponse.swift */,
				8F98C4E026B9DF2F00715EE3 /* APIImage.swift */,
				8F98C4E226B9E5F100715EE3 /* FeaturedPlaylistsResponse.swift */,
				8F98C4E426B9EF7000715EE3 /* RecommendedGenresResponse.swift */,
				8F98C4E626B9F2FB00715EE3 /* RecommendationsResponse.swift */,
			);
			path = Models;
			sourceTree = "<group>";
		};
		8FD476ED26AF5D68004BDD05 /* Views */ = {
			isa = PBXGroup;
			children = (
				8F98C4E826BB323700715EE3 /* Browse */,
				8FD476E126AF5C7F004BDD05 /* LaunchScreen.storyboard */,
			);
			path = Views;
			sourceTree = "<group>";
		};
		8FD476EE26AF5D6D004BDD05 /* Managers */ = {
			isa = PBXGroup;
			children = (
				8FD4770926AF6559004BDD05 /* AuthManager.swift */,
				8FD4770B26AF6569004BDD05 /* APICaller.swift */,
				8FD4770D26AF657A004BDD05 /* HapticsManager.swift */,
			);
			path = Managers;
			sourceTree = "<group>";
		};
		8FD476EF26AF5D74004BDD05 /* Resources */ = {
			isa = PBXGroup;
			children = (
				8FD476D626AF5C7E004BDD05 /* AppDelegate.swift */,
				8FD476D826AF5C7E004BDD05 /* SceneDelegate.swift */,
				8FD476DF26AF5C7F004BDD05 /* Assets.xcassets */,
				8FA7FC1526B5739E00192A1C /* Extensions.swift */,
			);
			path = Resources;
			sourceTree = "<group>";
		};
		8FD476F926AF6484004BDD05 /* Core */ = {
			isa = PBXGroup;
			children = (
				8FD476F226AF640F004BDD05 /* TabBarViewController.swift */,
				8FD476DA26AF5C7E004BDD05 /* HomeViewController.swift */,
				8FD476F426AF644E004BDD05 /* SearchViewController.swift */,
				8FD476F626AF646D004BDD05 /* LibraryViewController.swift */,
			);
			path = Core;
			sourceTree = "<group>";
		};
		8FD476FA26AF6493004BDD05 /* Other */ = {
			isa = PBXGroup;
			children = (
				8FD476FB26AF64A5004BDD05 /* AuthViewController.swift */,
				8FD476FD26AF64B8004BDD05 /* WelcomeViewController.swift */,
				8FD476FF26AF64CB004BDD05 /* SettingsViewController.swift */,
				8FD4770126AF64D8004BDD05 /* ProfileViewController.swift */,
				8FD4770326AF64E2004BDD05 /* PlayerViewController.swift */,
				8FD4770526AF64EF004BDD05 /* PlaylistViewController.swift */,
				8FD4770726AF6503004BDD05 /* SearchResultsViewController.swift */,
			);
			path = Other;
			sourceTree = "<group>";
		};
		8FD4770F26AF6598004BDD05 /* ViewModels */ = {
			isa = PBXGroup;
			children = (
				8FDF74E926BC771200937E0D /* NewReleasesCellViewModel.swift */,
			);
			path = ViewModels;
			sourceTree = "<group>";
		};
/* End PBXGroup section */

/* Begin PBXNativeTarget section */
		8FD476D226AF5C7E004BDD05 /* Spotify */ = {
			isa = PBXNativeTarget;
			buildConfigurationList = 8FD476E726AF5C7F004BDD05 /* Build configuration list for PBXNativeTarget "Spotify" */;
			buildPhases = (
				5D8B4ADFCD40EF8DF51EB136 /* [CP] Check Pods Manifest.lock */,
				8FD476CF26AF5C7E004BDD05 /* Sources */,
				8FD476D026AF5C7E004BDD05 /* Frameworks */,
				8FD476D126AF5C7E004BDD05 /* Resources */,
				4EEB59F1C788EED8BCFEEF34 /* [CP] Embed Pods Frameworks */,
			);
			buildRules = (
			);
			dependencies = (
			);
			name = Spotify;
			productName = Spotify;
			productReference = 8FD476D326AF5C7E004BDD05 /* Spotify.app */;
			productType = "com.apple.product-type.application";
		};
/* End PBXNativeTarget section */

/* Begin PBXProject section */
		8FD476CB26AF5C7E004BDD05 /* Project object */ = {
			isa = PBXProject;
			attributes = {
				LastSwiftUpdateCheck = 1250;
				LastUpgradeCheck = 1250;
				TargetAttributes = {
					8FD476D226AF5C7E004BDD05 = {
						CreatedOnToolsVersion = 12.5.1;
					};
				};
			};
			buildConfigurationList = 8FD476CE26AF5C7E004BDD05 /* Build configuration list for PBXProject "Spotify" */;
			compatibilityVersion = "Xcode 9.3";
			developmentRegion = en;
			hasScannedForEncodings = 0;
			knownRegions = (
				en,
				Base,
			);
			mainGroup = 8FD476CA26AF5C7E004BDD05;
			productRefGroup = 8FD476D426AF5C7E004BDD05 /* Products */;
			projectDirPath = "";
			projectRoot = "";
			targets = (
				8FD476D226AF5C7E004BDD05 /* Spotify */,
			);
		};
/* End PBXProject section */

/* Begin PBXResourcesBuildPhase section */
		8FD476D126AF5C7E004BDD05 /* Resources */ = {
			isa = PBXResourcesBuildPhase;
			buildActionMask = 2147483647;
			files = (
				8FD476E326AF5C7F004BDD05 /* LaunchScreen.storyboard in Resources */,
				8FD476E026AF5C7F004BDD05 /* Assets.xcassets in Resources */,
			);
			runOnlyForDeploymentPostprocessing = 0;
		};
/* End PBXResourcesBuildPhase section */

/* Begin PBXShellScriptBuildPhase section */
		4EEB59F1C788EED8BCFEEF34 /* [CP] Embed Pods Frameworks */ = {
			isa = PBXShellScriptBuildPhase;
			buildActionMask = 2147483647;
			files = (
			);
			inputFileListPaths = (
				"${PODS_ROOT}/Target Support Files/Pods-Spotify/Pods-Spotify-frameworks-${CONFIGURATION}-input-files.xcfilelist",
			);
			name = "[CP] Embed Pods Frameworks";
			outputFileListPaths = (
				"${PODS_ROOT}/Target Support Files/Pods-Spotify/Pods-Spotify-frameworks-${CONFIGURATION}-output-files.xcfilelist",
			);
			runOnlyForDeploymentPostprocessing = 0;
			shellPath = /bin/sh;
			shellScript = "\"${PODS_ROOT}/Target Support Files/Pods-Spotify/Pods-Spotify-frameworks.sh\"\n";
			showEnvVarsInLog = 0;
		};
		5D8B4ADFCD40EF8DF51EB136 /* [CP] Check Pods Manifest.lock */ = {
			isa = PBXShellScriptBuildPhase;
			buildActionMask = 2147483647;
			files = (
			);
			inputFileListPaths = (
			);
			inputPaths = (
				"${PODS_PODFILE_DIR_PATH}/Podfile.lock",
				"${PODS_ROOT}/Manifest.lock",
			);
			name = "[CP] Check Pods Manifest.lock";
			outputFileListPaths = (
			);
			outputPaths = (
				"$(DERIVED_FILE_DIR)/Pods-Spotify-checkManifestLockResult.txt",
			);
			runOnlyForDeploymentPostprocessing = 0;
			shellPath = /bin/sh;
			shellScript = "diff \"${PODS_PODFILE_DIR_PATH}/Podfile.lock\" \"${PODS_ROOT}/Manifest.lock\" > /dev/null\nif [ $? != 0 ] ; then\n    # print error to STDERR\n    echo \"error: The sandbox is not in sync with the Podfile.lock. Run 'pod install' or update your CocoaPods installation.\" >&2\n    exit 1\nfi\n# This output is used by Xcode 'outputs' to avoid re-running this script phase.\necho \"SUCCESS\" > \"${SCRIPT_OUTPUT_FILE_0}\"\n";
			showEnvVarsInLog = 0;
		};
/* End PBXShellScriptBuildPhase section */

/* Begin PBXSourcesBuildPhase section */
		8FD476CF26AF5C7E004BDD05 /* Sources */ = {
			isa = PBXSourcesBuildPhase;
			buildActionMask = 2147483647;
			files = (
				8FD476F526AF644E004BDD05 /* SearchViewController.swift in Sources */,
				8FD4771126AF65AC004BDD05 /* Playlist.swift in Sources */,
				8FD4770A26AF6559004BDD05 /* AuthManager.swift in Sources */,
				8FDF74EA26BC771200937E0D /* NewReleasesCellViewModel.swift in Sources */,
				8FD4770826AF6503004BDD05 /* SearchResultsViewController.swift in Sources */,
				8FD476FE26AF64B8004BDD05 /* WelcomeViewController.swift in Sources */,
				8FD4770226AF64D8004BDD05 /* ProfileViewController.swift in Sources */,
				8FD476F326AF640F004BDD05 /* TabBarViewController.swift in Sources */,
				8FD4770E26AF657A004BDD05 /* HapticsManager.swift in Sources */,
				8F98C4EE26BB32EA00715EE3 /* RecommendedTrackCollectionViewCell.swift in Sources */,
				8F3B7ACC26B68BC8002274E9 /* AuthResponse.swift in Sources */,
				8F98C4DF26B9DE2E00715EE3 /* NewReleasesResponse.swift in Sources */,
				8F98C4E126B9DF2F00715EE3 /* APIImage.swift in Sources */,
				8F98C4E726B9F2FB00715EE3 /* RecommendationsResponse.swift in Sources */,
				8FD4771326AF65BB004BDD05 /* AudioTrack.swift in Sources */,
				8FD476DB26AF5C7E004BDD05 /* HomeViewController.swift in Sources */,
				8F98C4EA26BB327F00715EE3 /* NewReleaseCollectionViewCell.swift in Sources */,
				8FD476FC26AF64A5004BDD05 /* AuthViewController.swift in Sources */,
				8F98C4EC26BB32BB00715EE3 /* FeaturedPlaylistCollectionViewCell.swift in Sources */,
				8FD476D726AF5C7E004BDD05 /* AppDelegate.swift in Sources */,
				8FD4771726AF65D5004BDD05 /* UserProfile.swift in Sources */,
				8FA7FC1626B5739E00192A1C /* Extensions.swift in Sources */,
				8FD476F726AF646D004BDD05 /* LibraryViewController.swift in Sources */,
				8FD4771526AF65C9004BDD05 /* Artist.swift in Sources */,
				8F7460D826B8800B002CCEF3 /* SettingsModels.swift in Sources */,
				8FD4770626AF64EF004BDD05 /* PlaylistViewController.swift in Sources */,
				8FD476D926AF5C7E004BDD05 /* SceneDelegate.swift in Sources */,
				8FD4770426AF64E2004BDD05 /* PlayerViewController.swift in Sources */,
				8FD4770C26AF6569004BDD05 /* APICaller.swift in Sources */,
				8F98C4E326B9E5F100715EE3 /* FeaturedPlaylistsResponse.swift in Sources */,
				8FD4770026AF64CB004BDD05 /* SettingsViewController.swift in Sources */,
				8F98C4E526B9EF7000715EE3 /* RecommendedGenresResponse.swift in Sources */,
			);
			runOnlyForDeploymentPostprocessing = 0;
		};
/* End PBXSourcesBuildPhase section */

/* Begin PBXVariantGroup section */
		8FD476E126AF5C7F004BDD05 /* LaunchScreen.storyboard */ = {
			isa = PBXVariantGroup;
			children = (
				8FD476E226AF5C7F004BDD05 /* Base */,
			);
			name = LaunchScreen.storyboard;
			sourceTree = "<group>";
		};
/* End PBXVariantGroup section */

/* Begin XCBuildConfiguration section */
		8FD476E526AF5C7F004BDD05 /* Debug */ = {
			isa = XCBuildConfiguration;
			buildSettings = {
				ALWAYS_SEARCH_USER_PATHS = NO;
				CLANG_ANALYZER_NONNULL = YES;
				CLANG_ANALYZER_NUMBER_OBJECT_CONVERSION = YES_AGGRESSIVE;
				CLANG_CXX_LANGUAGE_STANDARD = "gnu++14";
				CLANG_CXX_LIBRARY = "libc++";
				CLANG_ENABLE_MODULES = YES;
				CLANG_ENABLE_OBJC_ARC = YES;
				CLANG_ENABLE_OBJC_WEAK = YES;
				CLANG_WARN_BLOCK_CAPTURE_AUTORELEASING = YES;
				CLANG_WARN_BOOL_CONVERSION = YES;
				CLANG_WARN_COMMA = YES;
				CLANG_WARN_CONSTANT_CONVERSION = YES;
				CLANG_WARN_DEPRECATED_OBJC_IMPLEMENTATIONS = YES;
				CLANG_WARN_DIRECT_OBJC_ISA_USAGE = YES_ERROR;
				CLANG_WARN_DOCUMENTATION_COMMENTS = YES;
				CLANG_WARN_EMPTY_BODY = YES;
				CLANG_WARN_ENUM_CONVERSION = YES;
				CLANG_WARN_INFINITE_RECURSION = YES;
				CLANG_WARN_INT_CONVERSION = YES;
				CLANG_WARN_NON_LITERAL_NULL_CONVERSION = YES;
				CLANG_WARN_OBJC_IMPLICIT_RETAIN_SELF = YES;
				CLANG_WARN_OBJC_LITERAL_CONVERSION = YES;
				CLANG_WARN_OBJC_ROOT_CLASS = YES_ERROR;
				CLANG_WARN_QUOTED_INCLUDE_IN_FRAMEWORK_HEADER = YES;
				CLANG_WARN_RANGE_LOOP_ANALYSIS = YES;
				CLANG_WARN_STRICT_PROTOTYPES = YES;
				CLANG_WARN_SUSPICIOUS_MOVE = YES;
				CLANG_WARN_UNGUARDED_AVAILABILITY = YES_AGGRESSIVE;
				CLANG_WARN_UNREACHABLE_CODE = YES;
				CLANG_WARN__DUPLICATE_METHOD_MATCH = YES;
				COPY_PHASE_STRIP = NO;
				DEBUG_INFORMATION_FORMAT = dwarf;
				ENABLE_STRICT_OBJC_MSGSEND = YES;
				ENABLE_TESTABILITY = YES;
				GCC_C_LANGUAGE_STANDARD = gnu11;
				GCC_DYNAMIC_NO_PIC = NO;
				GCC_NO_COMMON_BLOCKS = YES;
				GCC_OPTIMIZATION_LEVEL = 0;
				GCC_PREPROCESSOR_DEFINITIONS = (
					"DEBUG=1",
					"$(inherited)",
				);
				GCC_WARN_64_TO_32_BIT_CONVERSION = YES;
				GCC_WARN_ABOUT_RETURN_TYPE = YES_ERROR;
				GCC_WARN_UNDECLARED_SELECTOR = YES;
				GCC_WARN_UNINITIALIZED_AUTOS = YES_AGGRESSIVE;
				GCC_WARN_UNUSED_FUNCTION = YES;
				GCC_WARN_UNUSED_VARIABLE = YES;
				IPHONEOS_DEPLOYMENT_TARGET = 14.5;
				MTL_ENABLE_DEBUG_INFO = INCLUDE_SOURCE;
				MTL_FAST_MATH = YES;
				ONLY_ACTIVE_ARCH = YES;
				SDKROOT = iphoneos;
				SWIFT_ACTIVE_COMPILATION_CONDITIONS = DEBUG;
				SWIFT_OPTIMIZATION_LEVEL = "-Onone";
			};
			name = Debug;
		};
		8FD476E626AF5C7F004BDD05 /* Release */ = {
			isa = XCBuildConfiguration;
			buildSettings = {
				ALWAYS_SEARCH_USER_PATHS = NO;
				CLANG_ANALYZER_NONNULL = YES;
				CLANG_ANALYZER_NUMBER_OBJECT_CONVERSION = YES_AGGRESSIVE;
				CLANG_CXX_LANGUAGE_STANDARD = "gnu++14";
				CLANG_CXX_LIBRARY = "libc++";
				CLANG_ENABLE_MODULES = YES;
				CLANG_ENABLE_OBJC_ARC = YES;
				CLANG_ENABLE_OBJC_WEAK = YES;
				CLANG_WARN_BLOCK_CAPTURE_AUTORELEASING = YES;
				CLANG_WARN_BOOL_CONVERSION = YES;
				CLANG_WARN_COMMA = YES;
				CLANG_WARN_CONSTANT_CONVERSION = YES;
				CLANG_WARN_DEPRECATED_OBJC_IMPLEMENTATIONS = YES;
				CLANG_WARN_DIRECT_OBJC_ISA_USAGE = YES_ERROR;
				CLANG_WARN_DOCUMENTATION_COMMENTS = YES;
				CLANG_WARN_EMPTY_BODY = YES;
				CLANG_WARN_ENUM_CONVERSION = YES;
				CLANG_WARN_INFINITE_RECURSION = YES;
				CLANG_WARN_INT_CONVERSION = YES;
				CLANG_WARN_NON_LITERAL_NULL_CONVERSION = YES;
				CLANG_WARN_OBJC_IMPLICIT_RETAIN_SELF = YES;
				CLANG_WARN_OBJC_LITERAL_CONVERSION = YES;
				CLANG_WARN_OBJC_ROOT_CLASS = YES_ERROR;
				CLANG_WARN_QUOTED_INCLUDE_IN_FRAMEWORK_HEADER = YES;
				CLANG_WARN_RANGE_LOOP_ANALYSIS = YES;
				CLANG_WARN_STRICT_PROTOTYPES = YES;
				CLANG_WARN_SUSPICIOUS_MOVE = YES;
				CLANG_WARN_UNGUARDED_AVAILABILITY = YES_AGGRESSIVE;
				CLANG_WARN_UNREACHABLE_CODE = YES;
				CLANG_WARN__DUPLICATE_METHOD_MATCH = YES;
				COPY_PHASE_STRIP = NO;
				DEBUG_INFORMATION_FORMAT = "dwarf-with-dsym";
				ENABLE_NS_ASSERTIONS = NO;
				ENABLE_STRICT_OBJC_MSGSEND = YES;
				GCC_C_LANGUAGE_STANDARD = gnu11;
				GCC_NO_COMMON_BLOCKS = YES;
				GCC_WARN_64_TO_32_BIT_CONVERSION = YES;
				GCC_WARN_ABOUT_RETURN_TYPE = YES_ERROR;
				GCC_WARN_UNDECLARED_SELECTOR = YES;
				GCC_WARN_UNINITIALIZED_AUTOS = YES_AGGRESSIVE;
				GCC_WARN_UNUSED_FUNCTION = YES;
				GCC_WARN_UNUSED_VARIABLE = YES;
				IPHONEOS_DEPLOYMENT_TARGET = 14.5;
				MTL_ENABLE_DEBUG_INFO = NO;
				MTL_FAST_MATH = YES;
				SDKROOT = iphoneos;
				SWIFT_COMPILATION_MODE = wholemodule;
				SWIFT_OPTIMIZATION_LEVEL = "-O";
				VALIDATE_PRODUCT = YES;
			};
			name = Release;
		};
		8FD476E826AF5C7F004BDD05 /* Debug */ = {
			isa = XCBuildConfiguration;
			baseConfigurationReference = 8D1135701EB36593743A07D9 /* Pods-Spotify.debug.xcconfig */;
			buildSettings = {
				ASSETCATALOG_COMPILER_APPICON_NAME = AppIcon;
				ASSETCATALOG_COMPILER_GLOBAL_ACCENT_COLOR_NAME = AccentColor;
				CODE_SIGN_STYLE = Automatic;
				INFOPLIST_FILE = Spotify/Info.plist;
				LD_RUNPATH_SEARCH_PATHS = (
					"$(inherited)",
					"@executable_path/Frameworks",
				);
				PRODUCT_BUNDLE_IDENTIFIER = io.semicolomn.Spotify;
				PRODUCT_NAME = "$(TARGET_NAME)";
				SWIFT_VERSION = 5.0;
				TARGETED_DEVICE_FAMILY = "1,2";
			};
			name = Debug;
		};
		8FD476E926AF5C7F004BDD05 /* Release */ = {
			isa = XCBuildConfiguration;
			baseConfigurationReference = 98B7B90D40F38A22B71D20CC /* Pods-Spotify.release.xcconfig */;
			buildSettings = {
				ASSETCATALOG_COMPILER_APPICON_NAME = AppIcon;
				ASSETCATALOG_COMPILER_GLOBAL_ACCENT_COLOR_NAME = AccentColor;
				CODE_SIGN_STYLE = Automatic;
				INFOPLIST_FILE = Spotify/Info.plist;
				LD_RUNPATH_SEARCH_PATHS = (
					"$(inherited)",
					"@executable_path/Frameworks",
				);
				PRODUCT_BUNDLE_IDENTIFIER = io.semicolomn.Spotify;
				PRODUCT_NAME = "$(TARGET_NAME)";
				SWIFT_VERSION = 5.0;
				TARGETED_DEVICE_FAMILY = "1,2";
			};
			name = Release;
		};
/* End XCBuildConfiguration section */

/* Begin XCConfigurationList section */
		8FD476CE26AF5C7E004BDD05 /* Build configuration list for PBXProject "Spotify" */ = {
			isa = XCConfigurationList;
			buildConfigurations = (
				8FD476E526AF5C7F004BDD05 /* Debug */,
				8FD476E626AF5C7F004BDD05 /* Release */,
			);
			defaultConfigurationIsVisible = 0;
			defaultConfigurationName = Release;
		};
		8FD476E726AF5C7F004BDD05 /* Build configuration list for PBXNativeTarget "Spotify" */ = {
			isa = XCConfigurationList;
			buildConfigurations = (
				8FD476E826AF5C7F004BDD05 /* Debug */,
				8FD476E926AF5C7F004BDD05 /* Release */,
			);
			defaultConfigurationIsVisible = 0;
			defaultConfigurationName = Release;
		};
/* End XCConfigurationList section */
	};
	rootObject = 8FD476CB26AF5C7E004BDD05 /* Project object */;
}
